
Microsoft Visual Studio Solution File, Format Version 12.00
# Visual Studio Version 17
VisualStudioVersion = 17.10.35013.160
MinimumVisualStudioVersion = 10.0.40219.1
Project("{9A19103F-16F7-4668-BE54-9A1E7A4F7556}") = "CampaignScheduler", "CampaignScheduler\CampaignScheduler.csproj", "{B7479B65-7C67-42EE-9972-9CAE5135F9B6}"
EndProject
Project("{FAE04EC0-301F-11D3-BF4B-00C04F79EFBC}") = "CampaignScheduler.Tests", "CampaignScheduler.Tests\CampaignScheduler.Tests.csproj", "{90753B67-074D-4290-9688-5874BA362B66}"
EndProject
Global
	GlobalSection(SolutionConfigurationPlatforms) = preSolution
		Debug|Any CPU = Debug|Any CPU
		Release|Any CPU = Release|Any CPU
	EndGlobalSection
	GlobalSection(ProjectConfigurationPlatforms) = postSolution
		{B7479B65-7C67-42EE-9972-9CAE5135F9B6}.Debug|Any CPU.ActiveCfg = Debug|Any CPU
		{B7479B65-7C67-42EE-9972-9CAE5135F9B6}.Debug|Any CPU.Build.0 = Debug|Any CPU
		{B7479B65-7C67-42EE-9972-9CAE5135F9B6}.Release|Any CPU.ActiveCfg = Release|Any CPU
		{B7479B65-7C67-42EE-9972-9CAE5135F9B6}.Release|Any CPU.Build.0 = Release|Any CPU
		{90753B67-074D-4290-9688-5874BA362B66}.Debug|Any CPU.ActiveCfg = Debug|Any CPU
		{90753B67-074D-4290-9688-5874BA362B66}.Debug|Any CPU.Build.0 = Debug|Any CPU
		{90753B67-074D-4290-9688-5874BA362B66}.Release|Any CPU.ActiveCfg = Release|Any CPU
		{90753B67-074D-4290-9688-5874BA362B66}.Release|Any CPU.Build.0 = Release|Any CPU
	EndGlobalSection
	GlobalSection(SolutionProperties) = preSolution
		HideSolutionNode = FALSE
	EndGlobalSection
	GlobalSection(ExtensibilityGlobals) = postSolution
		SolutionGuid = {F7BAF8F5-A1A8-400A-85C3-4201882C9D21}
	EndGlobalSection
EndGlobal
